
Microsoft Visual Studio Solution File, Format Version 12.00
# Visual Studio Version 17
VisualStudioVersion = 17.7.34202.233
MinimumVisualStudioVersion = 10.0.40219.1
Project("{9A19103F-16F7-4668-BE54-9A1E7A4F7556}") = "CardReaderLibrary", "CardReaderLibrary\CardReaderLibrary.csproj", "{593E2522-1BCC-448E-91E3-9861098B0442}"
EndProject
Project("{9A19103F-16F7-4668-BE54-9A1E7A4F7556}") = "CardReaderDebugConsole", "CardReaderDebugConsole\CardReaderDebugConsole.csproj", "{273D13E5-ACAF-4018-B1D2-855C81687F26}"
EndProject
Project("{FAE04EC0-301F-11D3-BF4B-00C04F79EFBC}") = "CardReaderGUI", "CardReaderGUI\CardReaderGUI.csproj", "{0A57AB42-8E03-4A5D-A6EB-FF9DB58CA039}"
EndProject
Global
	GlobalSection(SolutionConfigurationPlatforms) = preSolution
		Debug|Any CPU = Debug|Any CPU
		Release|Any CPU = Release|Any CPU
	EndGlobalSection
	GlobalSection(ProjectConfigurationPlatforms) = postSolution
		{593E2522-1BCC-448E-91E3-9861098B0442}.Debug|Any CPU.ActiveCfg = Debug|Any CPU
		{593E2522-1BCC-448E-91E3-9861098B0442}.Debug|Any CPU.Build.0 = Debug|Any CPU
		{593E2522-1BCC-448E-91E3-9861098B0442}.Release|Any CPU.ActiveCfg = Release|Any CPU
		{593E2522-1BCC-448E-91E3-9861098B0442}.Release|Any CPU.Build.0 = Release|Any CPU
		{273D13E5-ACAF-4018-B1D2-855C81687F26}.Debug|Any CPU.ActiveCfg = Debug|Any CPU
		{273D13E5-ACAF-4018-B1D2-855C81687F26}.Debug|Any CPU.Build.0 = Debug|Any CPU
		{273D13E5-ACAF-4018-B1D2-855C81687F26}.Release|Any CPU.ActiveCfg = Release|Any CPU
		{273D13E5-ACAF-4018-B1D2-855C81687F26}.Release|Any CPU.Build.0 = Release|Any CPU
		{0A57AB42-8E03-4A5D-A6EB-FF9DB58CA039}.Debug|Any CPU.ActiveCfg = Debug|Any CPU
		{0A57AB42-8E03-4A5D-A6EB-FF9DB58CA039}.Debug|Any CPU.Build.0 = Debug|Any CPU
		{0A57AB42-8E03-4A5D-A6EB-FF9DB58CA039}.Release|Any CPU.ActiveCfg = Release|Any CPU
		{0A57AB42-8E03-4A5D-A6EB-FF9DB58CA039}.Release|Any CPU.Build.0 = Release|Any CPU
	EndGlobalSection
	GlobalSection(SolutionProperties) = preSolution
		HideSolutionNode = FALSE
	EndGlobalSection
	GlobalSection(ExtensibilityGlobals) = postSolution
		SolutionGuid = {3D2E447E-FE4D-4209-8604-3AFDB6E35960}
	EndGlobalSection
EndGlobal
